
Microsoft Visual Studio Solution File, Format Version 12.00
# Visual Studio 15
VisualStudioVersion = 15.0.28307.271
MinimumVisualStudioVersion = 10.0.40219.1
Project("{9A19103F-16F7-4668-BE54-9A1E7A4F7556}") = "RideServiceGroup1.Entities", "RideServiceGroup1.Entities\RideServiceGroup1.Entities.csproj", "{7C0CC969-5CB2-48C9-A165-527D09973C0D}"
EndProject
Project("{9A19103F-16F7-4668-BE54-9A1E7A4F7556}") = "RideServiceGroup1.DAL", "RideServiceGroup1.DAL\RideServiceGroup1.DAL.csproj", "{355C6D13-3720-4B6F-A56C-91BDE0AEF5F6}"
EndProject
Project("{9A19103F-16F7-4668-BE54-9A1E7A4F7556}") = "RideServiceGroup1.Web", "RideServiceGroup1.Web\RideServiceGroup1.Web.csproj", "{9772CB60-9CA3-45BF-8FDD-1E80215ABD09}"
EndProject
Project("{9A19103F-16F7-4668-BE54-9A1E7A4F7556}") = "RideServiceGroup1.ManualTest", "RideServiceGroup1.ManualTest\RideServiceGroup1.ManualTest.csproj", "{4CA77EA0-3FCA-4DBB-9C1F-984AFA0F824A}"
EndProject
Project("{9A19103F-16F7-4668-BE54-9A1E7A4F7556}") = "RideServiceGroup1.EntitiesTest", "RideServiceGroup1.EntitiesTest\RideServiceGroup1.EntitiesTest.csproj", "{3DA7E8F1-6C6B-4358-8B74-57C3A195CBE8}"
EndProject
Global
	GlobalSection(SolutionConfigurationPlatforms) = preSolution
		Debug|Any CPU = Debug|Any CPU
		Release|Any CPU = Release|Any CPU
	EndGlobalSection
	GlobalSection(ProjectConfigurationPlatforms) = postSolution
		{7C0CC969-5CB2-48C9-A165-527D09973C0D}.Debug|Any CPU.ActiveCfg = Debug|Any CPU
		{7C0CC969-5CB2-48C9-A165-527D09973C0D}.Debug|Any CPU.Build.0 = Debug|Any CPU
		{7C0CC969-5CB2-48C9-A165-527D09973C0D}.Release|Any CPU.ActiveCfg = Release|Any CPU
		{7C0CC969-5CB2-48C9-A165-527D09973C0D}.Release|Any CPU.Build.0 = Release|Any CPU
		{355C6D13-3720-4B6F-A56C-91BDE0AEF5F6}.Debug|Any CPU.ActiveCfg = Debug|Any CPU
		{355C6D13-3720-4B6F-A56C-91BDE0AEF5F6}.Debug|Any CPU.Build.0 = Debug|Any CPU
		{355C6D13-3720-4B6F-A56C-91BDE0AEF5F6}.Release|Any CPU.ActiveCfg = Release|Any CPU
		{355C6D13-3720-4B6F-A56C-91BDE0AEF5F6}.Release|Any CPU.Build.0 = Release|Any CPU
		{9772CB60-9CA3-45BF-8FDD-1E80215ABD09}.Debug|Any CPU.ActiveCfg = Debug|Any CPU
		{9772CB60-9CA3-45BF-8FDD-1E80215ABD09}.Debug|Any CPU.Build.0 = Debug|Any CPU
		{9772CB60-9CA3-45BF-8FDD-1E80215ABD09}.Release|Any CPU.ActiveCfg = Release|Any CPU
		{9772CB60-9CA3-45BF-8FDD-1E80215ABD09}.Release|Any CPU.Build.0 = Release|Any CPU
		{4CA77EA0-3FCA-4DBB-9C1F-984AFA0F824A}.Debug|Any CPU.ActiveCfg = Debug|Any CPU
		{4CA77EA0-3FCA-4DBB-9C1F-984AFA0F824A}.Debug|Any CPU.Build.0 = Debug|Any CPU
		{4CA77EA0-3FCA-4DBB-9C1F-984AFA0F824A}.Release|Any CPU.ActiveCfg = Release|Any CPU
		{4CA77EA0-3FCA-4DBB-9C1F-984AFA0F824A}.Release|Any CPU.Build.0 = Release|Any CPU
		{3DA7E8F1-6C6B-4358-8B74-57C3A195CBE8}.Debug|Any CPU.ActiveCfg = Debug|Any CPU
		{3DA7E8F1-6C6B-4358-8B74-57C3A195CBE8}.Debug|Any CPU.Build.0 = Debug|Any CPU
		{3DA7E8F1-6C6B-4358-8B74-57C3A195CBE8}.Release|Any CPU.ActiveCfg = Release|Any CPU
		{3DA7E8F1-6C6B-4358-8B74-57C3A195CBE8}.Release|Any CPU.Build.0 = Release|Any CPU
	EndGlobalSection
	GlobalSection(SolutionProperties) = preSolution
		HideSolutionNode = FALSE
	EndGlobalSection
	GlobalSection(ExtensibilityGlobals) = postSolution
		SolutionGuid = {8E5165EF-FEC7-4B8E-B172-639F12AE7366}
	EndGlobalSection
EndGlobal
